{
  "requires": true,
  "lockfileVersion": 1,
  "dependencies": {
    "is-clockwise": {
      "version": "2.0.2",
      "resolved": "https://registry.npmjs.org/is-clockwise/-/is-clockwise-2.0.2.tgz",
      "integrity": "sha1-F1elA3hOQQjCMMhUjFs8ceEtqC8="
    },
    "node-crate": {
      "version": "2.0.6",
      "resolved": "https://registry.npmjs.org/node-crate/-/node-crate-2.0.6.tgz",
      "integrity": "sha512-G+a2NTTpAWaIaqkhrxRptdn0043iF2hjeQgF2CpTDPZ6l4hsz0FCx79NqR9G0c5Q8myhVngCWzc5Cd++A2E6Xw==",
      "requires": {
        "type-of-is": ">= 3.3.x"
      }
    },
    "type-of-is": {
      "version": "3.5.1",
      "resolved": "https://registry.npmjs.org/type-of-is/-/type-of-is-3.5.1.tgz",
      "integrity": "sha1-7sL8ibgo2/mQDrZBbu4w9P4PzTE="
    }
  }
}
